
Microsoft Visual Studio Solution File, Format Version 9.00
# Visual Studio 2005
Project("{FAE04EC0-301F-11D3-BF4B-00C04F79EFBC}") = "Find_Replace_Task_Pane", "Find_Replace_Task_Pane\Find_Replace_Task_Pane.csproj", "{00272F74-21A8-4E6E-BA93-47C317D89D76}"
EndProject
Project("{54435603-DBB4-11D2-8724-00A0C9A8B90C}") = "Find_Replace_Task_PaneSetup", "Find_Replace_Task_PaneSetup\Find_Replace_Task_PaneSetup", "{BD8ED9B1-DDEF-41AC-A718-F7307A7270AF}"
EndProject
Global
	GlobalSection(SolutionConfigurationPlatforms) = preSolution
		Debug|Any CPU = Debug|Any CPU
		Release|Any CPU = Release|Any CPU
	EndGlobalSection
	GlobalSection(ProjectConfigurationPlatforms) = postSolution
		{00272F74-21A8-4E6E-BA93-47C317D89D76}.Debug|Any CPU.ActiveCfg = Debug|Any CPU
		{00272F74-21A8-4E6E-BA93-47C317D89D76}.Debug|Any CPU.Build.0 = Debug|Any CPU
		{00272F74-21A8-4E6E-BA93-47C317D89D76}.Release|Any CPU.ActiveCfg = Release|Any CPU
		{00272F74-21A8-4E6E-BA93-47C317D89D76}.Release|Any CPU.Build.0 = Release|Any CPU
		{BD8ED9B1-DDEF-41AC-A718-F7307A7270AF}.Debug|Any CPU.ActiveCfg = Debug
		{BD8ED9B1-DDEF-41AC-A718-F7307A7270AF}.Release|Any CPU.ActiveCfg = Release
	EndGlobalSection
	GlobalSection(SolutionProperties) = preSolution
		HideSolutionNode = FALSE
	EndGlobalSection
EndGlobal
